// !$*UTF8*$!
{
	archiveVersion = 1;
	classes = {
	};
	objectVersion = 46;
	objects = {

/* Begin PBXBuildFile section */
		B2BF885E1966B87000A78FD2 /* Foundation.framework in Frameworks */ = {isa = PBXBuildFile; fileRef = B2BF885D1966B87000A78FD2 /* Foundation.framework */; };
		B2BF88601966B87000A78FD2 /* CoreGraphics.framework in Frameworks */ = {isa = PBXBuildFile; fileRef = B2BF885F1966B87000A78FD2 /* CoreGraphics.framework */; };
		B2BF88621966B87000A78FD2 /* UIKit.framework in Frameworks */ = {isa = PBXBuildFile; fileRef = B2BF88611966B87000A78FD2 /* UIKit.framework */; };
		B2BF88641966B87000A78FD2 /* CoreData.framework in Frameworks */ = {isa = PBXBuildFile; fileRef = B2BF88631966B87000A78FD2 /* CoreData.framework */; };
		B2BF886A1966B87000A78FD2 /* InfoPlist.strings in Resources */ = {isa = PBXBuildFile; fileRef = B2BF88681966B87000A78FD2 /* InfoPlist.strings */; };
		B2BF886C1966B87000A78FD2 /* main.m in Sources */ = {isa = PBXBuildFile; fileRef = B2BF886B1966B87000A78FD2 /* main.m */; };
		B2BF88701966B87000A78FD2 /* AppDelegate.m in Sources */ = {isa = PBXBuildFile; fileRef = B2BF886F1966B87000A78FD2 /* AppDelegate.m */; };
		B2BF88731966B87000A78FD2 /* CategorySliderView.xcdatamodeld in Sources */ = {isa = PBXBuildFile; fileRef = B2BF88711966B87000A78FD2 /* CategorySliderView.xcdatamodeld */; };
		B2BF88751966B87000A78FD2 /* Images.xcassets in Resources */ = {isa = PBXBuildFile; fileRef = B2BF88741966B87000A78FD2 /* Images.xcassets */; };
		B2BF887C1966B87000A78FD2 /* XCTest.framework in Frameworks */ = {isa = PBXBuildFile; fileRef = B2BF887B1966B87000A78FD2 /* XCTest.framework */; };
		B2BF887D1966B87000A78FD2 /* Foundation.framework in Frameworks */ = {isa = PBXBuildFile; fileRef = B2BF885D1966B87000A78FD2 /* Foundation.framework */; };
		B2BF887E1966B87000A78FD2 /* UIKit.framework in Frameworks */ = {isa = PBXBuildFile; fileRef = B2BF88611966B87000A78FD2 /* UIKit.framework */; };
		B2BF887F1966B87000A78FD2 /* CoreData.framework in Frameworks */ = {isa = PBXBuildFile; fileRef = B2BF88631966B87000A78FD2 /* CoreData.framework */; };
		B2BF88871966B87000A78FD2 /* InfoPlist.strings in Resources */ = {isa = PBXBuildFile; fileRef = B2BF88851966B87000A78FD2 /* InfoPlist.strings */; };
		B2BF88891966B87000A78FD2 /* CategorySliderViewTests.m in Sources */ = {isa = PBXBuildFile; fileRef = B2BF88881966B87000A78FD2 /* CategorySliderViewTests.m */; };
		B2BF88941966B88A00A78FD2 /* TestViewController.m in Sources */ = {isa = PBXBuildFile; fileRef = B2BF88931966B88A00A78FD2 /* TestViewController.m */; };
		B2BF88971966B89B00A78FD2 /* CategorySliderView.m in Sources */ = {isa = PBXBuildFile; fileRef = B2BF88961966B89B00A78FD2 /* CategorySliderView.m */; };
/* End PBXBuildFile section */

/* Begin PBXContainerItemProxy section */
		B2BF88801966B87000A78FD2 /* PBXContainerItemProxy */ = {
			isa = PBXContainerItemProxy;
			containerPortal = B2BF88521966B87000A78FD2 /* Project object */;
			proxyType = 1;
			remoteGlobalIDString = B2BF88591966B87000A78FD2;
			remoteInfo = CategorySliderView;
		};
/* End PBXContainerItemProxy section */

/* Begin PBXFileReference section */
		B2BF885A1966B87000A78FD2 /* CategorySliderView.app */ = {isa = PBXFileReference; explicitFileType = wrapper.application; includeInIndex = 0; path = CategorySliderView.app; sourceTree = BUILT_PRODUCTS_DIR; };
		B2BF885D1966B87000A78FD2 /* Foundation.framework */ = {isa = PBXFileReference; lastKnownFileType = wrapper.framework; name = Foundation.framework; path = System/Library/Frameworks/Foundation.framework; sourceTree = SDKROOT; };
		B2BF885F1966B87000A78FD2 /* CoreGraphics.framework */ = {isa = PBXFileReference; lastKnownFileType = wrapper.framework; name = CoreGraphics.framework; path = System/Library/Frameworks/CoreGraphics.framework; sourceTree = SDKROOT; };
		B2BF88611966B87000A78FD2 /* UIKit.framework */ = {isa = PBXFileReference; lastKnownFileType = wrapper.framework; name = UIKit.framework; path = System/Library/Frameworks/UIKit.framework; sourceTree = SDKROOT; };
		B2BF88631966B87000A78FD2 /* CoreData.framework */ = {isa = PBXFileReference; lastKnownFileType = wrapper.framework; name = CoreData.framework; path = System/Library/Frameworks/CoreData.framework; sourceTree = SDKROOT; };
		B2BF88671966B87000A78FD2 /* CategorySliderView-Info.plist */ = {isa = PBXFileReference; lastKnownFileType = text.plist.xml; path = "CategorySliderView-Info.plist"; sourceTree = "<group>"; };
		B2BF88691966B87000A78FD2 /* en */ = {isa = PBXFileReference; lastKnownFileType = text.plist.strings; name = en; path = en.lproj/InfoPlist.strings; sourceTree = "<group>"; };
		B2BF886B1966B87000A78FD2 /* main.m */ = {isa = PBXFileReference; lastKnownFileType = sourcecode.c.objc; path = main.m; sourceTree = "<group>"; };
		B2BF886D1966B87000A78FD2 /* CategorySliderView-Prefix.pch */ = {isa = PBXFileReference; lastKnownFileType = sourcecode.c.h; path = "CategorySliderView-Prefix.pch"; sourceTree = "<group>"; };
		B2BF886E1966B87000A78FD2 /* AppDelegate.h */ = {isa = PBXFileReference; lastKnownFileType = sourcecode.c.h; path = AppDelegate.h; sourceTree = "<group>"; };
		B2BF886F1966B87000A78FD2 /* AppDelegate.m */ = {isa = PBXFileReference; lastKnownFileType = sourcecode.c.objc; path = AppDelegate.m; sourceTree = "<group>"; };
		B2BF88721966B87000A78FD2 /* CategorySliderView.xcdatamodel */ = {isa = PBXFileReference; lastKnownFileType = wrapper.xcdatamodel; path = CategorySliderView.xcdatamodel; sourceTree = "<group>"; };
		B2BF88741966B87000A78FD2 /* Images.xcassets */ = {isa = PBXFileReference; lastKnownFileType = folder.assetcatalog; path = Images.xcassets; sourceTree = "<group>"; };
		B2BF887A1966B87000A78FD2 /* CategorySliderViewTests.xctest */ = {isa = PBXFileReference; explicitFileType = wrapper.cfbundle; includeInIndex = 0; path = CategorySliderViewTests.xctest; sourceTree = BUILT_PRODUCTS_DIR; };
		B2BF887B1966B87000A78FD2 /* XCTest.framework */ = {isa = PBXFileReference; lastKnownFileType = wrapper.framework; name = XCTest.framework; path = Library/Frameworks/XCTest.framework; sourceTree = DEVELOPER_DIR; };
		B2BF88841966B87000A78FD2 /* CategorySliderViewTests-Info.plist */ = {isa = PBXFileReference; lastKnownFileType = text.plist.xml; path = "CategorySliderViewTests-Info.plist"; sourceTree = "<group>"; };
		B2BF88861966B87000A78FD2 /* en */ = {isa = PBXFileReference; lastKnownFileType = text.plist.strings; name = en; path = en.lproj/InfoPlist.strings; sourceTree = "<group>"; };
		B2BF88881966B87000A78FD2 /* CategorySliderViewTests.m */ = {isa = PBXFileReference; lastKnownFileType = sourcecode.c.objc; path = CategorySliderViewTests.m; sourceTree = "<group>"; };
		B2BF88921966B88A00A78FD2 /* TestViewController.h */ = {isa = PBXFileReference; fileEncoding = 4; lastKnownFileType = sourcecode.c.h; path = TestViewController.h; sourceTree = "<group>"; };
		B2BF88931966B88A00A78FD2 /* TestViewController.m */ = {isa = PBXFileReference; fileEncoding = 4; lastKnownFileType = sourcecode.c.objc; path = TestViewController.m; sourceTree = "<group>"; };
		B2BF88951966B89B00A78FD2 /* CategorySliderView.h */ = {isa = PBXFileReference; fileEncoding = 4; lastKnownFileType = sourcecode.c.h; path = CategorySliderView.h; sourceTree = "<group>"; };
		B2BF88961966B89B00A78FD2 /* CategorySliderView.m */ = {isa = PBXFileReference; fileEncoding = 4; lastKnownFileType = sourcecode.c.objc; path = CategorySliderView.m; sourceTree = "<group>"; };
/* End PBXFileReference section */

/* Begin PBXFrameworksBuildPhase section */
		B2BF88571966B87000A78FD2 /* Frameworks */ = {
			isa = PBXFrameworksBuildPhase;
			buildActionMask = 2147483647;
			files = (
				B2BF88601966B87000A78FD2 /* CoreGraphics.framework in Frameworks */,
				B2BF88641966B87000A78FD2 /* CoreData.framework in Frameworks */,
				B2BF88621966B87000A78FD2 /* UIKit.framework in Frameworks */,
				B2BF885E1966B87000A78FD2 /* Foundation.framework in Frameworks */,
			);
			runOnlyForDeploymentPostprocessing = 0;
		};
		B2BF88771966B87000A78FD2 /* Frameworks */ = {
			isa = PBXFrameworksBuildPhase;
			buildActionMask = 2147483647;
			files = (
				B2BF887C1966B87000A78FD2 /* XCTest.framework in Frameworks */,
				B2BF887F1966B87000A78FD2 /* CoreData.framework in Frameworks */,
				B2BF887E1966B87000A78FD2 /* UIKit.framework in Frameworks */,
				B2BF887D1966B87000A78FD2 /* Foundation.framework in Frameworks */,
			);
			runOnlyForDeploymentPostprocessing = 0;
		};
/* End PBXFrameworksBuildPhase section */

/* Begin PBXGroup section */
		B2BF88511966B87000A78FD2 = {
			isa = PBXGroup;
			children = (
				B2BF88651966B87000A78FD2 /* CategorySliderView */,
				B2BF88821966B87000A78FD2 /* CategorySliderViewTests */,
				B2BF885C1966B87000A78FD2 /* Frameworks */,
				B2BF885B1966B87000A78FD2 /* Products */,
			);
			sourceTree = "<group>";
		};
		B2BF885B1966B87000A78FD2 /* Products */ = {
			isa = PBXGroup;
			children = (
				B2BF885A1966B87000A78FD2 /* CategorySliderView.app */,
				B2BF887A1966B87000A78FD2 /* CategorySliderViewTests.xctest */,
			);
			name = Products;
			sourceTree = "<group>";
		};
		B2BF885C1966B87000A78FD2 /* Frameworks */ = {
			isa = PBXGroup;
			children = (
				B2BF885D1966B87000A78FD2 /* Foundation.framework */,
				B2BF885F1966B87000A78FD2 /* CoreGraphics.framework */,
				B2BF88611966B87000A78FD2 /* UIKit.framework */,
				B2BF88631966B87000A78FD2 /* CoreData.framework */,
				B2BF887B1966B87000A78FD2 /* XCTest.framework */,
			);
			name = Frameworks;
			sourceTree = "<group>";
		};
		B2BF88651966B87000A78FD2 /* CategorySliderView */ = {
			isa = PBXGroup;
			children = (
				B2BF88981966B8FA00A78FD2 /* CategorySliderView */,
				B2BF886E1966B87000A78FD2 /* AppDelegate.h */,
				B2BF886F1966B87000A78FD2 /* AppDelegate.m */,
				B2BF88921966B88A00A78FD2 /* TestViewController.h */,
				B2BF88931966B88A00A78FD2 /* TestViewController.m */,
				B2BF88661966B87000A78FD2 /* Supporting Files */,
			);
			path = CategorySliderView;
			sourceTree = "<group>";
		};
		B2BF88661966B87000A78FD2 /* Supporting Files */ = {
			isa = PBXGroup;
			children = (
				B2BF88741966B87000A78FD2 /* Images.xcassets */,
				B2BF88711966B87000A78FD2 /* CategorySliderView.xcdatamodeld */,
				B2BF88671966B87000A78FD2 /* CategorySliderView-Info.plist */,
				B2BF88681966B87000A78FD2 /* InfoPlist.strings */,
				B2BF886B1966B87000A78FD2 /* main.m */,
				B2BF886D1966B87000A78FD2 /* CategorySliderView-Prefix.pch */,
			);
			name = "Supporting Files";
			sourceTree = "<group>";
		};
		B2BF88821966B87000A78FD2 /* CategorySliderViewTests */ = {
			isa = PBXGroup;
			children = (
				B2BF88881966B87000A78FD2 /* CategorySliderViewTests.m */,
				B2BF88831966B87000A78FD2 /* Supporting Files */,
			);
			path = CategorySliderViewTests;
			sourceTree = "<group>";
		};
		B2BF88831966B87000A78FD2 /* Supporting Files */ = {
			isa = PBXGroup;
			children = (
				B2BF88841966B87000A78FD2 /* CategorySliderViewTests-Info.plist */,
				B2BF88851966B87000A78FD2 /* InfoPlist.strings */,
			);
			name = "Supporting Files";
			sourceTree = "<group>";
		};
		B2BF88981966B8FA00A78FD2 /* CategorySliderView */ = {
			isa = PBXGroup;
			children = (
				B2BF88951966B89B00A78FD2 /* CategorySliderView.h */,
				B2BF88961966B89B00A78FD2 /* CategorySliderView.m */,
			);
			name = CategorySliderView;
			sourceTree = "<group>";
		};
/* End PBXGroup section */

/* Begin PBXNativeTarget section */
		B2BF88591966B87000A78FD2 /* CategorySliderView */ = {
			isa = PBXNativeTarget;
			buildConfigurationList = B2BF888C1966B87000A78FD2 /* Build configuration list for PBXNativeTarget "CategorySliderView" */;
			buildPhases = (
				B2BF88561966B87000A78FD2 /* Sources */,
				B2BF88571966B87000A78FD2 /* Frameworks */,
				B2BF88581966B87000A78FD2 /* Resources */,
			);
			buildRules = (
			);
			dependencies = (
			);
			name = CategorySliderView;
			productName = CategorySliderView;
			productReference = B2BF885A1966B87000A78FD2 /* CategorySliderView.app */;
			productType = "com.apple.product-type.application";
		};
		B2BF88791966B87000A78FD2 /* CategorySliderViewTests */ = {
			isa = PBXNativeTarget;
			buildConfigurationList = B2BF888F1966B87000A78FD2 /* Build configuration list for PBXNativeTarget "CategorySliderViewTests" */;
			buildPhases = (
				B2BF88761966B87000A78FD2 /* Sources */,
				B2BF88771966B87000A78FD2 /* Frameworks */,
				B2BF88781966B87000A78FD2 /* Resources */,
			);
			buildRules = (
			);
			dependencies = (
				B2BF88811966B87000A78FD2 /* PBXTargetDependency */,
			);
			name = CategorySliderViewTests;
			productName = CategorySliderViewTests;
			productReference = B2BF887A1966B87000A78FD2 /* CategorySliderViewTests.xctest */;
			productType = "com.apple.product-type.bundle.unit-test";
		};
/* End PBXNativeTarget section */

/* Begin PBXProject section */
		B2BF88521966B87000A78FD2 /* Project object */ = {
			isa = PBXProject;
			attributes = {
				LastUpgradeCheck = 0510;
				ORGANIZATIONNAME = questamobile;
				TargetAttributes = {
					B2BF88791966B87000A78FD2 = {
						TestTargetID = B2BF88591966B87000A78FD2;
					};
				};
			};
			buildConfigurationList = B2BF88551966B87000A78FD2 /* Build configuration list for PBXProject "CategorySliderView" */;
			compatibilityVersion = "Xcode 3.2";
			developmentRegion = English;
			hasScannedForEncodings = 0;
			knownRegions = (
				en,
			);
			mainGroup = B2BF88511966B87000A78FD2;
			productRefGroup = B2BF885B1966B87000A78FD2 /* Products */;
			projectDirPath = "";
			projectRoot = "";
			targets = (
				B2BF88591966B87000A78FD2 /* CategorySliderView */,
				B2BF88791966B87000A78FD2 /* CategorySliderViewTests */,
			);
		};
/* End PBXProject section */

/* Begin PBXResourcesBuildPhase section */
		B2BF88581966B87000A78FD2 /* Resources */ = {
			isa = PBXResourcesBuildPhase;
			buildActionMask = 2147483647;
			files = (
				B2BF886A1966B87000A78FD2 /* InfoPlist.strings in Resources */,
				B2BF88751966B87000A78FD2 /* Images.xcassets in Resources */,
			);
			runOnlyForDeploymentPostprocessing = 0;
		};
		B2BF88781966B87000A78FD2 /* Resources */ = {
			isa = PBXResourcesBuildPhase;
			buildActionMask = 2147483647;
			files = (
				B2BF88871966B87000A78FD2 /* InfoPlist.strings in Resources */,
			);
			runOnlyForDeploymentPostprocessing = 0;
		};
/* End PBXResourcesBuildPhase section */

/* Begin PBXSourcesBuildPhase section */
		B2BF88561966B87000A78FD2 /* Sources */ = {
			isa = PBXSourcesBuildPhase;
			buildActionMask = 2147483647;
			files = (
				B2BF88701966B87000A78FD2 /* AppDelegate.m in Sources */,
				B2BF88971966B89B00A78FD2 /* CategorySliderView.m in Sources */,
				B2BF88731966B87000A78FD2 /* CategorySliderView.xcdatamodeld in Sources */,
				B2BF88941966B88A00A78FD2 /* TestViewController.m in Sources */,
				B2BF886C1966B87000A78FD2 /* main.m in Sources */,
			);
			runOnlyForDeploymentPostprocessing = 0;
		};
		B2BF88761966B87000A78FD2 /* Sources */ = {
			isa = PBXSourcesBuildPhase;
			buildActionMask = 2147483647;
			files = (
				B2BF88891966B87000A78FD2 /* CategorySliderViewTests.m in Sources */,
			);
			runOnlyForDeploymentPostprocessing = 0;
		};
/* End PBXSourcesBuildPhase section */

/* Begin PBXTargetDependency section */
		B2BF88811966B87000A78FD2 /* PBXTargetDependency */ = {
			isa = PBXTargetDependency;
			target = B2BF88591966B87000A78FD2 /* CategorySliderView */;
			targetProxy = B2BF88801966B87000A78FD2 /* PBXContainerItemProxy */;
		};
/* End PBXTargetDependency section */

/* Begin PBXVariantGroup section */
		B2BF88681966B87000A78FD2 /* InfoPlist.strings */ = {
			isa = PBXVariantGroup;
			children = (
				B2BF88691966B87000A78FD2 /* en */,
			);
			name = InfoPlist.strings;
			sourceTree = "<group>";
		};
		B2BF88851966B87000A78FD2 /* InfoPlist.strings */ = {
			isa = PBXVariantGroup;
			children = (
				B2BF88861966B87000A78FD2 /* en */,
			);
			name = InfoPlist.strings;
			sourceTree = "<group>";
		};
/* End PBXVariantGroup section */

/* Begin XCBuildConfiguration section */
		B2BF888A1966B87000A78FD2 /* Debug */ = {
			isa = XCBuildConfiguration;
			buildSettings = {
				ALWAYS_SEARCH_USER_PATHS = NO;
				CLANG_CXX_LANGUAGE_STANDARD = "gnu++0x";
				CLANG_CXX_LIBRARY = "libc++";
				CLANG_ENABLE_MODULES = YES;
				CLANG_ENABLE_OBJC_ARC = YES;
				CLANG_WARN_BOOL_CONVERSION = YES;
				CLANG_WARN_CONSTANT_CONVERSION = YES;
				CLANG_WARN_DIRECT_OBJC_ISA_USAGE = YES_ERROR;
				CLANG_WARN_EMPTY_BODY = YES;
				CLANG_WARN_ENUM_CONVERSION = YES;
				CLANG_WARN_INT_CONVERSION = YES;
				CLANG_WARN_OBJC_ROOT_CLASS = YES_ERROR;
				CLANG_WARN__DUPLICATE_METHOD_MATCH = YES;
				"CODE_SIGN_IDENTITY[sdk=iphoneos*]" = "iPhone Developer";
				COPY_PHASE_STRIP = NO;
				GCC_C_LANGUAGE_STANDARD = gnu99;
				GCC_DYNAMIC_NO_PIC = NO;
				GCC_OPTIMIZATION_LEVEL = 0;
				GCC_PREPROCESSOR_DEFINITIONS = (
					"DEBUG=1",
					"$(inherited)",
				);
				GCC_SYMBOLS_PRIVATE_EXTERN = NO;
				GCC_WARN_64_TO_32_BIT_CONVERSION = YES;
				GCC_WARN_ABOUT_RETURN_TYPE = YES_ERROR;
				GCC_WARN_UNDECLARED_SELECTOR = YES;
				GCC_WARN_UNINITIALIZED_AUTOS = YES_AGGRESSIVE;
				GCC_WARN_UNUSED_FUNCTION = YES;
				GCC_WARN_UNUSED_VARIABLE = YES;
				IPHONEOS_DEPLOYMENT_TARGET = 7.1;
				ONLY_ACTIVE_ARCH = YES;
				SDKROOT = iphoneos;
			};
			name = Debug;
		};
		B2BF888B1966B87000A78FD2 /* Release */ = {
			isa = XCBuildConfiguration;
			buildSettings = {
				ALWAYS_SEARCH_USER_PATHS = NO;
				CLANG_CXX_LANGUAGE_STANDARD = "gnu++0x";
				CLANG_CXX_LIBRARY = "libc++";
				CLANG_ENABLE_MODULES = YES;
				CLANG_ENABLE_OBJC_ARC = YES;
				CLANG_WARN_BOOL_CONVERSION = YES;
				CLANG_WARN_CONSTANT_CONVERSION = YES;
				CLANG_WARN_DIRECT_OBJC_ISA_USAGE = YES_ERROR;
				CLANG_WARN_EMPTY_BODY = YES;
				CLANG_WARN_ENUM_CONVERSION = YES;
				CLANG_WARN_INT_CONVERSION = YES;
				CLANG_WARN_OBJC_ROOT_CLASS = YES_ERROR;
				CLANG_WARN__DUPLICATE_METHOD_MATCH = YES;
				"CODE_SIGN_IDENTITY[sdk=iphoneos*]" = "iPhone Developer";
				COPY_PHASE_STRIP = YES;
				ENABLE_NS_ASSERTIONS = NO;
				GCC_C_LANGUAGE_STANDARD = gnu99;
				GCC_WARN_64_TO_32_BIT_CONVERSION = YES;
				GCC_WARN_ABOUT_RETURN_TYPE = YES_ERROR;
				GCC_WARN_UNDECLARED_SELECTOR = YES;
				GCC_WARN_UNINITIALIZED_AUTOS = YES_AGGRESSIVE;
				GCC_WARN_UNUSED_FUNCTION = YES;
				GCC_WARN_UNUSED_VARIABLE = YES;
				IPHONEOS_DEPLOYMENT_TARGET = 7.1;
				SDKROOT = iphoneos;
				VALIDATE_PRODUCT = YES;
			};
			name = Release;
		};
		B2BF888D1966B87000A78FD2 /* Debug */ = {
			isa = XCBuildConfiguration;
			buildSettings = {
				ASSETCATALOG_COMPILER_APPICON_NAME = AppIcon;
				ASSETCATALOG_COMPILER_LAUNCHIMAGE_NAME = LaunchImage;
				GCC_PRECOMPILE_PREFIX_HEADER = YES;
				GCC_PREFIX_HEADER = "CategorySliderView/CategorySliderView-Prefix.pch";
				INFOPLIST_FILE = "CategorySliderView/CategorySliderView-Info.plist";
				PRODUCT_NAME = "$(TARGET_NAME)";
				WRAPPER_EXTENSION = app;
			};
			name = Debug;
		};
		B2BF888E1966B87000A78FD2 /* Release */ = {
			isa = XCBuildConfiguration;
			buildSettings = {
				ASSETCATALOG_COMPILER_APPICON_NAME = AppIcon;
				ASSETCATALOG_COMPILER_LAUNCHIMAGE_NAME = LaunchImage;
				GCC_PRECOMPILE_PREFIX_HEADER = YES;
				GCC_PREFIX_HEADER = "CategorySliderView/CategorySliderView-Prefix.pch";
				INFOPLIST_FILE = "CategorySliderView/CategorySliderView-Info.plist";
				PRODUCT_NAME = "$(TARGET_NAME)";
				WRAPPER_EXTENSION = app;
			};
			name = Release;
		};
		B2BF88901966B87000A78FD2 /* Debug */ = {
			isa = XCBuildConfiguration;
			buildSettings = {
				BUNDLE_LOADER = "$(BUILT_PRODUCTS_DIR)/CategorySliderView.app/CategorySliderView";
				FRAMEWORK_SEARCH_PATHS = (
					"$(SDKROOT)/Developer/Library/Frameworks",
					"$(inherited)",
					"$(DEVELOPER_FRAMEWORKS_DIR)",
				);
				GCC_PRECOMPILE_PREFIX_HEADER = YES;
				GCC_PREFIX_HEADER = "CategorySliderView/CategorySliderView-Prefix.pch";
				GCC_PREPROCESSOR_DEFINITIONS = (
					"DEBUG=1",
					"$(inherited)",
				);
				INFOPLIST_FILE = "CategorySliderViewTests/CategorySliderViewTests-Info.plist";
				PRODUCT_NAME = "$(TARGET_NAME)";
				TEST_HOST = "$(BUNDLE_LOADER)";
				WRAPPER_EXTENSION = xctest;
			};
			name = Debug;
		};
		B2BF88911966B87000A78FD2 /* Release */ = {
			isa = XCBuildConfiguration;
			buildSettings = {
				BUNDLE_LOADER = "$(BUILT_PRODUCTS_DIR)/CategorySliderView.app/CategorySliderView";
				FRAMEWORK_SEARCH_PATHS = (
					"$(SDKROOT)/Developer/Library/Frameworks",
					"$(inherited)",
					"$(DEVELOPER_FRAMEWORKS_DIR)",
				);
				GCC_PRECOMPILE_PREFIX_HEADER = YES;
				GCC_PREFIX_HEADER = "CategorySliderView/CategorySliderView-Prefix.pch";
				INFOPLIST_FILE = "CategorySliderViewTests/CategorySliderViewTests-Info.plist";
				PRODUCT_NAME = "$(TARGET_NAME)";
				TEST_HOST = "$(BUNDLE_LOADER)";
				WRAPPER_EXTENSION = xctest;
			};
			name = Release;
		};
/* End XCBuildConfiguration section */

/* Begin XCConfigurationList section */
		B2BF88551966B87000A78FD2 /* Build configuration list for PBXProject "CategorySliderView" */ = {
			isa = XCConfigurationList;
			buildConfigurations = (
				B2BF888A1966B87000A78FD2 /* Debug */,
				B2BF888B1966B87000A78FD2 /* Release */,
			);
			defaultConfigurationIsVisible = 0;
			defaultConfigurationName = Release;
		};
		B2BF888C1966B87000A78FD2 /* Build configuration list for PBXNativeTarget "CategorySliderView" */ = {
			isa = XCConfigurationList;
			buildConfigurations = (
				B2BF888D1966B87000A78FD2 /* Debug */,
				B2BF888E1966B87000A78FD2 /* Release */,
			);
			defaultConfigurationIsVisible = 0;
			defaultConfigurationName = Release;
		};
		B2BF888F1966B87000A78FD2 /* Build configuration list for PBXNativeTarget "CategorySliderViewTests" */ = {
			isa = XCConfigurationList;
			buildConfigurations = (
				B2BF88901966B87000A78FD2 /* Debug */,
				B2BF88911966B87000A78FD2 /* Release */,
			);
			defaultConfigurationIsVisible = 0;
			defaultConfigurationName = Release;
		};
/* End XCConfigurationList section */

/* Begin XCVersionGroup section */
		B2BF88711966B87000A78FD2 /* CategorySliderView.xcdatamodeld */ = {
			isa = XCVersionGroup;
			children = (
				B2BF88721966B87000A78FD2 /* CategorySliderView.xcdatamodel */,
			);
			currentVersion = B2BF88721966B87000A78FD2 /* CategorySliderView.xcdatamodel */;
			path = CategorySliderView.xcdatamodeld;
			sourceTree = "<group>";
			versionGroupType = wrapper.xcdatamodel;
		};
/* End XCVersionGroup section */
	};
	rootObject = B2BF88521966B87000A78FD2 /* Project object */;
}
